<?xml version="1.0" encoding="UTF-8"?>
<CodeBlocks_project_file>
	<FileVersion major="1" minor="6"/>
	<Project>
		<Option title="polynomialFormUncertaintyPropagation"/>
		<Option makefile_is_custom="1"/>
		<Option compiler="gcc"/>
		<Option virtualFolders="CMake Files\;CMake Files\cmake-includes\;"/>
		<Build>
			<Target title="all">
				<Option working_dir="/Users/CU-mac/Library/Mobile Documents/com~apple~CloudDocs/workspaceC/bayesianPolyForm/polynomialFormPropagationBayesian"/>
				<Option type="4"/>
				<MakeCommands>
					<Build command="/opt/local/bin/gmake -j4 -f &quot;/Users/CU-mac/Library/Mobile\ Documents/com~apple~CloudDocs/workspaceC/bayesianPolyForm/polynomialFormPropagationBayesian/Makefile&quot;  VERBOSE=1 all"/>
					<CompileFile command="/opt/local/bin/gmake -j4 -f &quot;/Users/CU-mac/Library/Mobile\ Documents/com~apple~CloudDocs/workspaceC/bayesianPolyForm/polynomialFormPropagationBayesian/Makefile&quot;  VERBOSE=1 &quot;$file&quot;"/>
					<Clean command="/opt/local/bin/gmake -j4 -f &quot;/Users/CU-mac/Library/Mobile\ Documents/com~apple~CloudDocs/workspaceC/bayesianPolyForm/polynomialFormPropagationBayesian/Makefile&quot;  VERBOSE=1 clean"/>
					<DistClean command="/opt/local/bin/gmake -j4 -f &quot;/Users/CU-mac/Library/Mobile\ Documents/com~apple~CloudDocs/workspaceC/bayesianPolyForm/polynomialFormPropagationBayesian/Makefile&quot;  VERBOSE=1 clean"/>
				</MakeCommands>
			</Target>
			<Target title="install/local">
				<Option working_dir="/Users/CU-mac/Library/Mobile Documents/com~apple~CloudDocs/workspaceC/bayesianPolyForm/polynomialFormPropagationBayesian"/>
				<Option type="4"/>
				<MakeCommands>
					<Build command="/opt/local/bin/gmake -j4 -f &quot;/Users/CU-mac/Library/Mobile\ Documents/com~apple~CloudDocs/workspaceC/bayesianPolyForm/polynomialFormPropagationBayesian/Makefile&quot;  VERBOSE=1 install/local"/>
					<CompileFile command="/opt/local/bin/gmake -j4 -f &quot;/Users/CU-mac/Library/Mobile\ Documents/com~apple~CloudDocs/workspaceC/bayesianPolyForm/polynomialFormPropagationBayesian/Makefile&quot;  VERBOSE=1 &quot;$file&quot;"/>
					<Clean command="/opt/local/bin/gmake -j4 -f &quot;/Users/CU-mac/Library/Mobile\ Documents/com~apple~CloudDocs/workspaceC/bayesianPolyForm/polynomialFormPropagationBayesian/Makefile&quot;  VERBOSE=1 clean"/>
					<DistClean command="/opt/local/bin/gmake -j4 -f &quot;/Users/CU-mac/Library/Mobile\ Documents/com~apple~CloudDocs/workspaceC/bayesianPolyForm/polynomialFormPropagationBayesian/Makefile&quot;  VERBOSE=1 clean"/>
				</MakeCommands>
			</Target>
			<Target title="install/strip">
				<Option working_dir="/Users/CU-mac/Library/Mobile Documents/com~apple~CloudDocs/workspaceC/bayesianPolyForm/polynomialFormPropagationBayesian"/>
				<Option type="4"/>
				<MakeCommands>
					<Build command="/opt/local/bin/gmake -j4 -f &quot;/Users/CU-mac/Library/Mobile\ Documents/com~apple~CloudDocs/workspaceC/bayesianPolyForm/polynomialFormPropagationBayesian/Makefile&quot;  VERBOSE=1 install/strip"/>
					<CompileFile command="/opt/local/bin/gmake -j4 -f &quot;/Users/CU-mac/Library/Mobile\ Documents/com~apple~CloudDocs/workspaceC/bayesianPolyForm/polynomialFormPropagationBayesian/Makefile&quot;  VERBOSE=1 &quot;$file&quot;"/>
					<Clean command="/opt/local/bin/gmake -j4 -f &quot;/Users/CU-mac/Library/Mobile\ Documents/com~apple~CloudDocs/workspaceC/bayesianPolyForm/polynomialFormPropagationBayesian/Makefile&quot;  VERBOSE=1 clean"/>
					<DistClean command="/opt/local/bin/gmake -j4 -f &quot;/Users/CU-mac/Library/Mobile\ Documents/com~apple~CloudDocs/workspaceC/bayesianPolyForm/polynomialFormPropagationBayesian/Makefile&quot;  VERBOSE=1 clean"/>
				</MakeCommands>
			</Target>
			<Target title="install">
				<Option working_dir="/Users/CU-mac/Library/Mobile Documents/com~apple~CloudDocs/workspaceC/bayesianPolyForm/polynomialFormPropagationBayesian"/>
				<Option type="4"/>
				<MakeCommands>
					<Build command="/opt/local/bin/gmake -j4 -f &quot;/Users/CU-mac/Library/Mobile\ Documents/com~apple~CloudDocs/workspaceC/bayesianPolyForm/polynomialFormPropagationBayesian/Makefile&quot;  VERBOSE=1 install"/>
					<CompileFile command="/opt/local/bin/gmake -j4 -f &quot;/Users/CU-mac/Library/Mobile\ Documents/com~apple~CloudDocs/workspaceC/bayesianPolyForm/polynomialFormPropagationBayesian/Makefile&quot;  VERBOSE=1 &quot;$file&quot;"/>
					<Clean command="/opt/local/bin/gmake -j4 -f &quot;/Users/CU-mac/Library/Mobile\ Documents/com~apple~CloudDocs/workspaceC/bayesianPolyForm/polynomialFormPropagationBayesian/Makefile&quot;  VERBOSE=1 clean"/>
					<DistClean command="/opt/local/bin/gmake -j4 -f &quot;/Users/CU-mac/Library/Mobile\ Documents/com~apple~CloudDocs/workspaceC/bayesianPolyForm/polynomialFormPropagationBayesian/Makefile&quot;  VERBOSE=1 clean"/>
				</MakeCommands>
			</Target>
			<Target title="list_install_components">
				<Option working_dir="/Users/CU-mac/Library/Mobile Documents/com~apple~CloudDocs/workspaceC/bayesianPolyForm/polynomialFormPropagationBayesian"/>
				<Option type="4"/>
				<MakeCommands>
					<Build command="/opt/local/bin/gmake -j4 -f &quot;/Users/CU-mac/Library/Mobile\ Documents/com~apple~CloudDocs/workspaceC/bayesianPolyForm/polynomialFormPropagationBayesian/Makefile&quot;  VERBOSE=1 list_install_components"/>
					<CompileFile command="/opt/local/bin/gmake -j4 -f &quot;/Users/CU-mac/Library/Mobile\ Documents/com~apple~CloudDocs/workspaceC/bayesianPolyForm/polynomialFormPropagationBayesian/Makefile&quot;  VERBOSE=1 &quot;$file&quot;"/>
					<Clean command="/opt/local/bin/gmake -j4 -f &quot;/Users/CU-mac/Library/Mobile\ Documents/com~apple~CloudDocs/workspaceC/bayesianPolyForm/polynomialFormPropagationBayesian/Makefile&quot;  VERBOSE=1 clean"/>
					<DistClean command="/opt/local/bin/gmake -j4 -f &quot;/Users/CU-mac/Library/Mobile\ Documents/com~apple~CloudDocs/workspaceC/bayesianPolyForm/polynomialFormPropagationBayesian/Makefile&quot;  VERBOSE=1 clean"/>
				</MakeCommands>
			</Target>
			<Target title="polynomialForm">
				<Option output="/Users/CU-mac/Library/Mobile Documents/com~apple~CloudDocs/workspaceC/bayesianPolyForm/polynomialFormPropagationBayesian/libpolynomialForm.a" prefix_auto="0" extension_auto="0"/>
				<Option working_dir="/Users/CU-mac/Library/Mobile Documents/com~apple~CloudDocs/workspaceC/bayesianPolyForm/polynomialFormPropagationBayesian"/>
				<Option object_output="./"/>
				<Option type="2"/>
				<Option compiler="gcc"/>
				<Compiler>
					<Add directory="/Users/CU-mac/Library/Mobile Documents/com~apple~CloudDocs/workspaceC/bayesianPolyForm/polynomialFormPropagationBayesian/."/>
					<Add directory="/Users/CU-mac/Library/Mobile Documents/com~apple~CloudDocs/workspaceC/bayesianPolyForm/polynomialFormPropagationBayesian/src"/>
					<Add directory="/Applications/Xcode.app/Contents/Developer/Toolchains/XcodeDefault.xctoolchain/usr/include/c++/v1"/>
					<Add directory="/usr/local/include"/>
					<Add directory="/Applications/Xcode.app/Contents/Developer/Toolchains/XcodeDefault.xctoolchain/usr/lib/clang/9.1.0/include"/>
					<Add directory="/Applications/Xcode.app/Contents/Developer/Toolchains/XcodeDefault.xctoolchain/usr/include"/>
					<Add directory="/usr/include"/>
					<Add directory="/System/Library/Frameworks"/>
					<Add directory="/Library/Frameworks"/>
				</Compiler>
				<MakeCommands>
					<Build command="/opt/local/bin/gmake -j4 -f &quot;/Users/CU-mac/Library/Mobile\ Documents/com~apple~CloudDocs/workspaceC/bayesianPolyForm/polynomialFormPropagationBayesian/Makefile&quot;  VERBOSE=1 polynomialForm"/>
					<CompileFile command="/opt/local/bin/gmake -j4 -f &quot;/Users/CU-mac/Library/Mobile\ Documents/com~apple~CloudDocs/workspaceC/bayesianPolyForm/polynomialFormPropagationBayesian/Makefile&quot;  VERBOSE=1 &quot;$file&quot;"/>
					<Clean command="/opt/local/bin/gmake -j4 -f &quot;/Users/CU-mac/Library/Mobile\ Documents/com~apple~CloudDocs/workspaceC/bayesianPolyForm/polynomialFormPropagationBayesian/Makefile&quot;  VERBOSE=1 clean"/>
					<DistClean command="/opt/local/bin/gmake -j4 -f &quot;/Users/CU-mac/Library/Mobile\ Documents/com~apple~CloudDocs/workspaceC/bayesianPolyForm/polynomialFormPropagationBayesian/Makefile&quot;  VERBOSE=1 clean"/>
				</MakeCommands>
			</Target>
			<Target title="polynomialForm/fast">
				<Option output="/Users/CU-mac/Library/Mobile Documents/com~apple~CloudDocs/workspaceC/bayesianPolyForm/polynomialFormPropagationBayesian/libpolynomialForm.a" prefix_auto="0" extension_auto="0"/>
				<Option working_dir="/Users/CU-mac/Library/Mobile Documents/com~apple~CloudDocs/workspaceC/bayesianPolyForm/polynomialFormPropagationBayesian"/>
				<Option object_output="./"/>
				<Option type="2"/>
				<Option compiler="gcc"/>
				<Compiler>
					<Add directory="/Users/CU-mac/Library/Mobile Documents/com~apple~CloudDocs/workspaceC/bayesianPolyForm/polynomialFormPropagationBayesian/."/>
					<Add directory="/Users/CU-mac/Library/Mobile Documents/com~apple~CloudDocs/workspaceC/bayesianPolyForm/polynomialFormPropagationBayesian/src"/>
					<Add directory="/Applications/Xcode.app/Contents/Developer/Toolchains/XcodeDefault.xctoolchain/usr/include/c++/v1"/>
					<Add directory="/usr/local/include"/>
					<Add directory="/Applications/Xcode.app/Contents/Developer/Toolchains/XcodeDefault.xctoolchain/usr/lib/clang/9.1.0/include"/>
					<Add directory="/Applications/Xcode.app/Contents/Developer/Toolchains/XcodeDefault.xctoolchain/usr/include"/>
					<Add directory="/usr/include"/>
					<Add directory="/System/Library/Frameworks"/>
					<Add directory="/Library/Frameworks"/>
				</Compiler>
				<MakeCommands>
					<Build command="/opt/local/bin/gmake -j4 -f &quot;/Users/CU-mac/Library/Mobile\ Documents/com~apple~CloudDocs/workspaceC/bayesianPolyForm/polynomialFormPropagationBayesian/Makefile&quot;  VERBOSE=1 polynomialForm/fast"/>
					<CompileFile command="/opt/local/bin/gmake -j4 -f &quot;/Users/CU-mac/Library/Mobile\ Documents/com~apple~CloudDocs/workspaceC/bayesianPolyForm/polynomialFormPropagationBayesian/Makefile&quot;  VERBOSE=1 &quot;$file&quot;"/>
					<Clean command="/opt/local/bin/gmake -j4 -f &quot;/Users/CU-mac/Library/Mobile\ Documents/com~apple~CloudDocs/workspaceC/bayesianPolyForm/polynomialFormPropagationBayesian/Makefile&quot;  VERBOSE=1 clean"/>
					<DistClean command="/opt/local/bin/gmake -j4 -f &quot;/Users/CU-mac/Library/Mobile\ Documents/com~apple~CloudDocs/workspaceC/bayesianPolyForm/polynomialFormPropagationBayesian/Makefile&quot;  VERBOSE=1 clean"/>
				</MakeCommands>
			</Target>
			<Target title="polynomialFormUncertaintyPropagation">
				<Option output="/Users/CU-mac/Library/Mobile Documents/com~apple~CloudDocs/workspaceC/bayesianPolyForm/polynomialFormPropagationBayesian/polynomialFormUncertaintyPropagation" prefix_auto="0" extension_auto="0"/>
				<Option working_dir="/Users/CU-mac/Library/Mobile Documents/com~apple~CloudDocs/workspaceC/bayesianPolyForm/polynomialFormPropagationBayesian"/>
				<Option object_output="./"/>
				<Option type="1"/>
				<Option compiler="gcc"/>
				<Compiler>
					<Add directory="/Users/CU-mac/Library/Mobile Documents/com~apple~CloudDocs/workspaceC/bayesianPolyForm/polynomialFormPropagationBayesian/."/>
					<Add directory="/Users/CU-mac/Library/Mobile Documents/com~apple~CloudDocs/workspaceC/bayesianPolyForm/polynomialFormPropagationBayesian/src"/>
					<Add directory="/Applications/Xcode.app/Contents/Developer/Toolchains/XcodeDefault.xctoolchain/usr/include/c++/v1"/>
					<Add directory="/usr/local/include"/>
					<Add directory="/Applications/Xcode.app/Contents/Developer/Toolchains/XcodeDefault.xctoolchain/usr/lib/clang/9.1.0/include"/>
					<Add directory="/Applications/Xcode.app/Contents/Developer/Toolchains/XcodeDefault.xctoolchain/usr/include"/>
					<Add directory="/usr/include"/>
					<Add directory="/System/Library/Frameworks"/>
					<Add directory="/Library/Frameworks"/>
				</Compiler>
				<MakeCommands>
					<Build command="/opt/local/bin/gmake -j4 -f &quot;/Users/CU-mac/Library/Mobile\ Documents/com~apple~CloudDocs/workspaceC/bayesianPolyForm/polynomialFormPropagationBayesian/Makefile&quot;  VERBOSE=1 polynomialFormUncertaintyPropagation"/>
					<CompileFile command="/opt/local/bin/gmake -j4 -f &quot;/Users/CU-mac/Library/Mobile\ Documents/com~apple~CloudDocs/workspaceC/bayesianPolyForm/polynomialFormPropagationBayesian/Makefile&quot;  VERBOSE=1 &quot;$file&quot;"/>
					<Clean command="/opt/local/bin/gmake -j4 -f &quot;/Users/CU-mac/Library/Mobile\ Documents/com~apple~CloudDocs/workspaceC/bayesianPolyForm/polynomialFormPropagationBayesian/Makefile&quot;  VERBOSE=1 clean"/>
					<DistClean command="/opt/local/bin/gmake -j4 -f &quot;/Users/CU-mac/Library/Mobile\ Documents/com~apple~CloudDocs/workspaceC/bayesianPolyForm/polynomialFormPropagationBayesian/Makefile&quot;  VERBOSE=1 clean"/>
				</MakeCommands>
			</Target>
			<Target title="polynomialFormUncertaintyPropagation/fast">
				<Option output="/Users/CU-mac/Library/Mobile Documents/com~apple~CloudDocs/workspaceC/bayesianPolyForm/polynomialFormPropagationBayesian/polynomialFormUncertaintyPropagation" prefix_auto="0" extension_auto="0"/>
				<Option working_dir="/Users/CU-mac/Library/Mobile Documents/com~apple~CloudDocs/workspaceC/bayesianPolyForm/polynomialFormPropagationBayesian"/>
				<Option object_output="./"/>
				<Option type="1"/>
				<Option compiler="gcc"/>
				<Compiler>
					<Add directory="/Users/CU-mac/Library/Mobile Documents/com~apple~CloudDocs/workspaceC/bayesianPolyForm/polynomialFormPropagationBayesian/."/>
					<Add directory="/Users/CU-mac/Library/Mobile Documents/com~apple~CloudDocs/workspaceC/bayesianPolyForm/polynomialFormPropagationBayesian/src"/>
					<Add directory="/Applications/Xcode.app/Contents/Developer/Toolchains/XcodeDefault.xctoolchain/usr/include/c++/v1"/>
					<Add directory="/usr/local/include"/>
					<Add directory="/Applications/Xcode.app/Contents/Developer/Toolchains/XcodeDefault.xctoolchain/usr/lib/clang/9.1.0/include"/>
					<Add directory="/Applications/Xcode.app/Contents/Developer/Toolchains/XcodeDefault.xctoolchain/usr/include"/>
					<Add directory="/usr/include"/>
					<Add directory="/System/Library/Frameworks"/>
					<Add directory="/Library/Frameworks"/>
				</Compiler>
				<MakeCommands>
					<Build command="/opt/local/bin/gmake -j4 -f &quot;/Users/CU-mac/Library/Mobile\ Documents/com~apple~CloudDocs/workspaceC/bayesianPolyForm/polynomialFormPropagationBayesian/Makefile&quot;  VERBOSE=1 polynomialFormUncertaintyPropagation/fast"/>
					<CompileFile command="/opt/local/bin/gmake -j4 -f &quot;/Users/CU-mac/Library/Mobile\ Documents/com~apple~CloudDocs/workspaceC/bayesianPolyForm/polynomialFormPropagationBayesian/Makefile&quot;  VERBOSE=1 &quot;$file&quot;"/>
					<Clean command="/opt/local/bin/gmake -j4 -f &quot;/Users/CU-mac/Library/Mobile\ Documents/com~apple~CloudDocs/workspaceC/bayesianPolyForm/polynomialFormPropagationBayesian/Makefile&quot;  VERBOSE=1 clean"/>
					<DistClean command="/opt/local/bin/gmake -j4 -f &quot;/Users/CU-mac/Library/Mobile\ Documents/com~apple~CloudDocs/workspaceC/bayesianPolyForm/polynomialFormPropagationBayesian/Makefile&quot;  VERBOSE=1 clean"/>
				</MakeCommands>
			</Target>
			<Target title="rebuild_cache">
				<Option working_dir="/Users/CU-mac/Library/Mobile Documents/com~apple~CloudDocs/workspaceC/bayesianPolyForm/polynomialFormPropagationBayesian"/>
				<Option type="4"/>
				<MakeCommands>
					<Build command="/opt/local/bin/gmake -j4 -f &quot;/Users/CU-mac/Library/Mobile\ Documents/com~apple~CloudDocs/workspaceC/bayesianPolyForm/polynomialFormPropagationBayesian/Makefile&quot;  VERBOSE=1 rebuild_cache"/>
					<CompileFile command="/opt/local/bin/gmake -j4 -f &quot;/Users/CU-mac/Library/Mobile\ Documents/com~apple~CloudDocs/workspaceC/bayesianPolyForm/polynomialFormPropagationBayesian/Makefile&quot;  VERBOSE=1 &quot;$file&quot;"/>
					<Clean command="/opt/local/bin/gmake -j4 -f &quot;/Users/CU-mac/Library/Mobile\ Documents/com~apple~CloudDocs/workspaceC/bayesianPolyForm/polynomialFormPropagationBayesian/Makefile&quot;  VERBOSE=1 clean"/>
					<DistClean command="/opt/local/bin/gmake -j4 -f &quot;/Users/CU-mac/Library/Mobile\ Documents/com~apple~CloudDocs/workspaceC/bayesianPolyForm/polynomialFormPropagationBayesian/Makefile&quot;  VERBOSE=1 clean"/>
				</MakeCommands>
			</Target>
			<Target title="edit_cache">
				<Option working_dir="/Users/CU-mac/Library/Mobile Documents/com~apple~CloudDocs/workspaceC/bayesianPolyForm/polynomialFormPropagationBayesian"/>
				<Option type="4"/>
				<MakeCommands>
					<Build command="/opt/local/bin/gmake -j4 -f &quot;/Users/CU-mac/Library/Mobile\ Documents/com~apple~CloudDocs/workspaceC/bayesianPolyForm/polynomialFormPropagationBayesian/Makefile&quot;  VERBOSE=1 edit_cache"/>
					<CompileFile command="/opt/local/bin/gmake -j4 -f &quot;/Users/CU-mac/Library/Mobile\ Documents/com~apple~CloudDocs/workspaceC/bayesianPolyForm/polynomialFormPropagationBayesian/Makefile&quot;  VERBOSE=1 &quot;$file&quot;"/>
					<Clean command="/opt/local/bin/gmake -j4 -f &quot;/Users/CU-mac/Library/Mobile\ Documents/com~apple~CloudDocs/workspaceC/bayesianPolyForm/polynomialFormPropagationBayesian/Makefile&quot;  VERBOSE=1 clean"/>
					<DistClean command="/opt/local/bin/gmake -j4 -f &quot;/Users/CU-mac/Library/Mobile\ Documents/com~apple~CloudDocs/workspaceC/bayesianPolyForm/polynomialFormPropagationBayesian/Makefile&quot;  VERBOSE=1 clean"/>
				</MakeCommands>
			</Target>
		</Build>
		<Unit filename="/Users/CU-mac/Library/Mobile Documents/com~apple~CloudDocs/workspaceC/bayesianPolyForm/polynomialFormPropagationBayesian/modelLexer.cc">
			<Option target="polynomialFormUncertaintyPropagation"/>
		</Unit>
		<Unit filename="/Users/CU-mac/Library/Mobile Documents/com~apple~CloudDocs/workspaceC/bayesianPolyForm/polynomialFormPropagationBayesian/modelLexer.cc.rule">
			<Option target="polynomialFormUncertaintyPropagation"/>
		</Unit>
		<Unit filename="/Users/CU-mac/Library/Mobile Documents/com~apple~CloudDocs/workspaceC/bayesianPolyForm/polynomialFormPropagationBayesian/modelParser.yy.cc">
			<Option target="polynomialFormUncertaintyPropagation"/>
		</Unit>
		<Unit filename="/Users/CU-mac/Library/Mobile Documents/com~apple~CloudDocs/workspaceC/bayesianPolyForm/polynomialFormPropagationBayesian/modelParser.yy.cc.rule">
			<Option target="polynomialFormUncertaintyPropagation"/>
		</Unit>
		<Unit filename="/Users/CU-mac/Library/Mobile Documents/com~apple~CloudDocs/workspaceC/bayesianPolyForm/polynomialFormPropagationBayesian/modelParser.yy.hh">
			<Option target="polynomialFormUncertaintyPropagation"/>
		</Unit>
		<Unit filename="/Users/CU-mac/Library/Mobile Documents/com~apple~CloudDocs/workspaceC/bayesianPolyForm/polynomialFormPropagationBayesian/src/DistributionInfo.hh">
			<Option target="polynomialForm"/>
			<Option target="polynomialFormUncertaintyPropagation"/>
		</Unit>
		<Unit filename="/Users/CU-mac/Library/Mobile Documents/com~apple~CloudDocs/workspaceC/bayesianPolyForm/polynomialFormPropagationBayesian/src/ExprAST.cpp">
			<Option target="polynomialForm"/>
			<Option target="polynomialFormUncertaintyPropagation"/>
		</Unit>
		<Unit filename="/Users/CU-mac/Library/Mobile Documents/com~apple~CloudDocs/workspaceC/bayesianPolyForm/polynomialFormPropagationBayesian/src/ExprAST.hh">
			<Option target="polynomialForm"/>
			<Option target="polynomialFormUncertaintyPropagation"/>
		</Unit>
		<Unit filename="/Users/CU-mac/Library/Mobile Documents/com~apple~CloudDocs/workspaceC/bayesianPolyForm/polynomialFormPropagationBayesian/src/ModelParser.cpp">
			<Option target="polynomialForm"/>
			<Option target="polynomialFormUncertaintyPropagation"/>
		</Unit>
		<Unit filename="/Users/CU-mac/Library/Mobile Documents/com~apple~CloudDocs/workspaceC/bayesianPolyForm/polynomialFormPropagationBayesian/src/ModelParser.hh">
			<Option target="polynomialForm"/>
			<Option target="polynomialFormUncertaintyPropagation"/>
		</Unit>
		<Unit filename="/Users/CU-mac/Library/Mobile Documents/com~apple~CloudDocs/workspaceC/bayesianPolyForm/polynomialFormPropagationBayesian/src/MpfiWrapper.cpp">
			<Option target="polynomialForm"/>
			<Option target="polynomialFormUncertaintyPropagation"/>
		</Unit>
		<Unit filename="/Users/CU-mac/Library/Mobile Documents/com~apple~CloudDocs/workspaceC/bayesianPolyForm/polynomialFormPropagationBayesian/src/MpfiWrapper.hh">
			<Option target="polynomialForm"/>
			<Option target="polynomialFormUncertaintyPropagation"/>
		</Unit>
		<Unit filename="/Users/CU-mac/Library/Mobile Documents/com~apple~CloudDocs/workspaceC/bayesianPolyForm/polynomialFormPropagationBayesian/src/MultivariatePoly.cpp">
			<Option target="polynomialForm"/>
			<Option target="polynomialFormUncertaintyPropagation"/>
		</Unit>
		<Unit filename="/Users/CU-mac/Library/Mobile Documents/com~apple~CloudDocs/workspaceC/bayesianPolyForm/polynomialFormPropagationBayesian/src/MultivariatePoly.hh">
			<Option target="polynomialForm"/>
			<Option target="polynomialFormUncertaintyPropagation"/>
		</Unit>
		<Unit filename="/Users/CU-mac/Library/Mobile Documents/com~apple~CloudDocs/workspaceC/bayesianPolyForm/polynomialFormPropagationBayesian/src/PolynomialFunctions.cpp">
			<Option target="polynomialForm"/>
			<Option target="polynomialFormUncertaintyPropagation"/>
		</Unit>
		<Unit filename="/Users/CU-mac/Library/Mobile Documents/com~apple~CloudDocs/workspaceC/bayesianPolyForm/polynomialFormPropagationBayesian/src/PolynomialFunctions.hh">
			<Option target="polynomialForm"/>
			<Option target="polynomialFormUncertaintyPropagation"/>
		</Unit>
		<Unit filename="/Users/CU-mac/Library/Mobile Documents/com~apple~CloudDocs/workspaceC/bayesianPolyForm/polynomialFormPropagationBayesian/src/ProbabilityQueryEvaluator.cpp">
			<Option target="polynomialForm"/>
			<Option target="polynomialFormUncertaintyPropagation"/>
		</Unit>
		<Unit filename="/Users/CU-mac/Library/Mobile Documents/com~apple~CloudDocs/workspaceC/bayesianPolyForm/polynomialFormPropagationBayesian/src/ProbabilityQueryEvaluator.hh">
			<Option target="polynomialForm"/>
			<Option target="polynomialFormUncertaintyPropagation"/>
		</Unit>
		<Unit filename="/Users/CU-mac/Library/Mobile Documents/com~apple~CloudDocs/workspaceC/bayesianPolyForm/polynomialFormPropagationBayesian/src/Queries.hh">
			<Option target="polynomialForm"/>
			<Option target="polynomialFormUncertaintyPropagation"/>
		</Unit>
		<Unit filename="/Users/CU-mac/Library/Mobile Documents/com~apple~CloudDocs/workspaceC/bayesianPolyForm/polynomialFormPropagationBayesian/src/StateAbstraction.hh">
			<Option target="polynomialForm"/>
			<Option target="polynomialFormUncertaintyPropagation"/>
		</Unit>
		<Unit filename="/Users/CU-mac/Library/Mobile Documents/com~apple~CloudDocs/workspaceC/bayesianPolyForm/polynomialFormPropagationBayesian/src/SystemDescription.cpp">
			<Option target="polynomialForm"/>
			<Option target="polynomialFormUncertaintyPropagation"/>
		</Unit>
		<Unit filename="/Users/CU-mac/Library/Mobile Documents/com~apple~CloudDocs/workspaceC/bayesianPolyForm/polynomialFormPropagationBayesian/src/SystemDescription.hh">
			<Option target="polynomialForm"/>
			<Option target="polynomialFormUncertaintyPropagation"/>
		</Unit>
		<Unit filename="/Users/CU-mac/Library/Mobile Documents/com~apple~CloudDocs/workspaceC/bayesianPolyForm/polynomialFormPropagationBayesian/src/affineForms/AffineArithmeticEvaluate.cpp">
			<Option target="polynomialFormUncertaintyPropagation"/>
		</Unit>
		<Unit filename="/Users/CU-mac/Library/Mobile Documents/com~apple~CloudDocs/workspaceC/bayesianPolyForm/polynomialFormPropagationBayesian/src/affineForms/AffineArithmeticEvaluate.hh">
			<Option target="polynomialFormUncertaintyPropagation"/>
		</Unit>
		<Unit filename="/Users/CU-mac/Library/Mobile Documents/com~apple~CloudDocs/workspaceC/bayesianPolyForm/polynomialFormPropagationBayesian/src/affineForms/aaEnvironment.cpp">
			<Option target="polynomialFormUncertaintyPropagation"/>
		</Unit>
		<Unit filename="/Users/CU-mac/Library/Mobile Documents/com~apple~CloudDocs/workspaceC/bayesianPolyForm/polynomialFormPropagationBayesian/src/affineForms/aaEnvironment.hpp">
			<Option target="polynomialFormUncertaintyPropagation"/>
		</Unit>
		<Unit filename="/Users/CU-mac/Library/Mobile Documents/com~apple~CloudDocs/workspaceC/bayesianPolyForm/polynomialFormPropagationBayesian/src/affineForms/affineArithmeticClass.cpp">
			<Option target="polynomialFormUncertaintyPropagation"/>
		</Unit>
		<Unit filename="/Users/CU-mac/Library/Mobile Documents/com~apple~CloudDocs/workspaceC/bayesianPolyForm/polynomialFormPropagationBayesian/src/affineForms/affineArithmeticClass.hpp">
			<Option target="polynomialFormUncertaintyPropagation"/>
		</Unit>
		<Unit filename="/Users/CU-mac/Library/Mobile Documents/com~apple~CloudDocs/workspaceC/bayesianPolyForm/polynomialFormPropagationBayesian/src/affineForms/utilities.cpp">
			<Option target="polynomialFormUncertaintyPropagation"/>
		</Unit>
		<Unit filename="/Users/CU-mac/Library/Mobile Documents/com~apple~CloudDocs/workspaceC/bayesianPolyForm/polynomialFormPropagationBayesian/src/affineForms/utilities.hpp">
			<Option target="polynomialFormUncertaintyPropagation"/>
		</Unit>
		<Unit filename="/Users/CU-mac/Library/Mobile Documents/com~apple~CloudDocs/workspaceC/bayesianPolyForm/polynomialFormPropagationBayesian/src/cartPoleBalanceModel.cpp">
			<Option target="polynomialFormUncertaintyPropagation"/>
		</Unit>
		<Unit filename="/Users/CU-mac/Library/Mobile Documents/com~apple~CloudDocs/workspaceC/bayesianPolyForm/polynomialFormPropagationBayesian/src/inference.cpp">
			<Option target="polynomialFormUncertaintyPropagation"/>
		</Unit>
		<Unit filename="/Users/CU-mac/Library/Mobile Documents/com~apple~CloudDocs/workspaceC/bayesianPolyForm/polynomialFormPropagationBayesian/src/inference.h">
			<Option target="polynomialFormUncertaintyPropagation"/>
		</Unit>
		<Unit filename="/Users/CU-mac/Library/Mobile Documents/com~apple~CloudDocs/workspaceC/bayesianPolyForm/polynomialFormPropagationBayesian/src/libsetup.cpp">
			<Option target="polynomialForm"/>
		</Unit>
		<Unit filename="/Users/CU-mac/Library/Mobile Documents/com~apple~CloudDocs/workspaceC/bayesianPolyForm/polynomialFormPropagationBayesian/src/main.cpp">
			<Option target="polynomialFormUncertaintyPropagation"/>
		</Unit>
		<Unit filename="/Users/CU-mac/Library/Mobile Documents/com~apple~CloudDocs/workspaceC/bayesianPolyForm/polynomialFormPropagationBayesian/src/rimlessWheelModel.cpp">
			<Option target="polynomialFormUncertaintyPropagation"/>
		</Unit>
		<Unit filename="/Users/CU-mac/Library/Mobile Documents/com~apple~CloudDocs/workspaceC/bayesianPolyForm/polynomialFormPropagationBayesian/src/roboticArmModel.cpp">
			<Option target="polynomialFormUncertaintyPropagation"/>
		</Unit>
		<Unit filename="/Users/CU-mac/Library/Mobile Documents/com~apple~CloudDocs/workspaceC/bayesianPolyForm/polynomialFormPropagationBayesian/src/simpleTests.cpp">
			<Option target="polynomialFormUncertaintyPropagation"/>
		</Unit>
		<Unit filename="/Users/CU-mac/Library/Mobile Documents/com~apple~CloudDocs/workspaceC/bayesianPolyForm/polynomialFormPropagationBayesian/src/truncatedNormalCode.cpp">
			<Option target="polynomialForm"/>
			<Option target="polynomialFormUncertaintyPropagation"/>
		</Unit>
		<Unit filename="/Users/CU-mac/Library/Mobile Documents/com~apple~CloudDocs/workspaceC/bayesianPolyForm/polynomialFormPropagationBayesian/src/truncatedNormalCode.hh">
			<Option target="polynomialForm"/>
			<Option target="polynomialFormUncertaintyPropagation"/>
		</Unit>
		<Unit filename="/Users/CU-mac/Library/Mobile Documents/com~apple~CloudDocs/workspaceC/bayesianPolyForm/polynomialFormPropagationBayesian/CMakeLists.txt">
			<Option virtualFolder="CMake Files\"/>
		</Unit>
		<Unit filename="/Users/CU-mac/Library/Mobile Documents/com~apple~CloudDocs/workspaceC/bayesianPolyForm/polynomialFormPropagationBayesian/cmake-includes/FindMPFI.cmake">
			<Option virtualFolder="CMake Files\cmake-includes\"/>
		</Unit>
	</Project>
</CodeBlocks_project_file>
